
Microsoft Visual Studio Solution File, Format Version 12.00
# Visual Studio Version 16
VisualStudioVersion = 16.0.29519.87
MinimumVisualStudioVersion = 10.0.40219.1
Project("{FAE04EC0-301F-11D3-BF4B-00C04F79EFBC}") = "ComputerShopView", "ComputerShopView\ComputerShopView.csproj", "{C83E8AD0-7E31-4EA4-92C2-4AE15C345EE7}"
EndProject
Project("{9A19103F-16F7-4668-BE54-9A1E7A4F7556}") = "ComputerShopBusinessLogic", "ComputerShopBusinessLogic\ComputerShopBusinessLogic.csproj", "{4FD53A2F-6C75-4B11-B070-B29124C51A62}"
EndProject
Project("{9A19103F-16F7-4668-BE54-9A1E7A4F7556}") = "ComputerShopListImplement", "ComputerShopListImplement\ComputerShopListImplement.csproj", "{9EA8EF4D-569D-40E7-A128-BAE51D19718D}"
EndProject
Project("{9A19103F-16F7-4668-BE54-9A1E7A4F7556}") = "ComputerShopFileImplement", "ComputerShopFileImplement\ComputerShopFileImplement.csproj", "{4AEC1C78-C8C1-499F-9EA6-099344450220}"
EndProject
Project("{9A19103F-16F7-4668-BE54-9A1E7A4F7556}") = "ComputerShopDatabaseImplement", "ComputerShopDatabaseImplement\ComputerShopDatabaseImplement.csproj", "{BAA0BC86-8109-4E3C-B5BE-625EA5B475F6}"
	ProjectSection(ProjectDependencies) = postProject
		{4FD53A2F-6C75-4B11-B070-B29124C51A62} = {4FD53A2F-6C75-4B11-B070-B29124C51A62}
	EndProjectSection
EndProject
Project("{9A19103F-16F7-4668-BE54-9A1E7A4F7556}") = "ComputerShopRestApi", "ComputerShopRestApi\ComputerShopRestApi.csproj", "{DAD161F8-DC01-4852-87EF-B8AD354132B6}"
	ProjectSection(ProjectDependencies) = postProject
		{4FD53A2F-6C75-4B11-B070-B29124C51A62} = {4FD53A2F-6C75-4B11-B070-B29124C51A62}
		{BAA0BC86-8109-4E3C-B5BE-625EA5B475F6} = {BAA0BC86-8109-4E3C-B5BE-625EA5B475F6}
	EndProjectSection
EndProject
Project("{9A19103F-16F7-4668-BE54-9A1E7A4F7556}") = "ComputerShopClientView", "ComputerShopClientView\ComputerShopClientView.csproj", "{EC379052-7B51-425B-83D0-8F6E65F100D1}"
EndProject
Project("{FAE04EC0-301F-11D3-BF4B-00C04F79EFBC}") = "ComputerShopWarehouseView", "ComputerShopWarehouseView\ComputerShopWarehouseView.csproj", "{D9D9F123-0D53-4276-A106-B6BEE5087EAA}"
EndProject
Global
	GlobalSection(SolutionConfigurationPlatforms) = preSolution
		Debug|Any CPU = Debug|Any CPU
		Release|Any CPU = Release|Any CPU
	EndGlobalSection
	GlobalSection(ProjectConfigurationPlatforms) = postSolution
		{C83E8AD0-7E31-4EA4-92C2-4AE15C345EE7}.Debug|Any CPU.ActiveCfg = Debug|Any CPU
		{C83E8AD0-7E31-4EA4-92C2-4AE15C345EE7}.Debug|Any CPU.Build.0 = Debug|Any CPU
		{C83E8AD0-7E31-4EA4-92C2-4AE15C345EE7}.Release|Any CPU.ActiveCfg = Release|Any CPU
		{C83E8AD0-7E31-4EA4-92C2-4AE15C345EE7}.Release|Any CPU.Build.0 = Release|Any CPU
		{4FD53A2F-6C75-4B11-B070-B29124C51A62}.Debug|Any CPU.ActiveCfg = Debug|Any CPU
		{4FD53A2F-6C75-4B11-B070-B29124C51A62}.Debug|Any CPU.Build.0 = Debug|Any CPU
		{4FD53A2F-6C75-4B11-B070-B29124C51A62}.Release|Any CPU.ActiveCfg = Release|Any CPU
		{4FD53A2F-6C75-4B11-B070-B29124C51A62}.Release|Any CPU.Build.0 = Release|Any CPU
		{9EA8EF4D-569D-40E7-A128-BAE51D19718D}.Debug|Any CPU.ActiveCfg = Debug|Any CPU
		{9EA8EF4D-569D-40E7-A128-BAE51D19718D}.Debug|Any CPU.Build.0 = Debug|Any CPU
		{9EA8EF4D-569D-40E7-A128-BAE51D19718D}.Release|Any CPU.ActiveCfg = Release|Any CPU
		{9EA8EF4D-569D-40E7-A128-BAE51D19718D}.Release|Any CPU.Build.0 = Release|Any CPU
		{4AEC1C78-C8C1-499F-9EA6-099344450220}.Debug|Any CPU.ActiveCfg = Debug|Any CPU
		{4AEC1C78-C8C1-499F-9EA6-099344450220}.Debug|Any CPU.Build.0 = Debug|Any CPU
		{4AEC1C78-C8C1-499F-9EA6-099344450220}.Release|Any CPU.ActiveCfg = Release|Any CPU
		{4AEC1C78-C8C1-499F-9EA6-099344450220}.Release|Any CPU.Build.0 = Release|Any CPU
		{BAA0BC86-8109-4E3C-B5BE-625EA5B475F6}.Debug|Any CPU.ActiveCfg = Debug|Any CPU
		{BAA0BC86-8109-4E3C-B5BE-625EA5B475F6}.Debug|Any CPU.Build.0 = Debug|Any CPU
		{BAA0BC86-8109-4E3C-B5BE-625EA5B475F6}.Release|Any CPU.ActiveCfg = Release|Any CPU
		{BAA0BC86-8109-4E3C-B5BE-625EA5B475F6}.Release|Any CPU.Build.0 = Release|Any CPU
		{DAD161F8-DC01-4852-87EF-B8AD354132B6}.Debug|Any CPU.ActiveCfg = Debug|Any CPU
		{DAD161F8-DC01-4852-87EF-B8AD354132B6}.Debug|Any CPU.Build.0 = Debug|Any CPU
		{DAD161F8-DC01-4852-87EF-B8AD354132B6}.Release|Any CPU.ActiveCfg = Release|Any CPU
		{DAD161F8-DC01-4852-87EF-B8AD354132B6}.Release|Any CPU.Build.0 = Release|Any CPU
		{EC379052-7B51-425B-83D0-8F6E65F100D1}.Debug|Any CPU.ActiveCfg = Debug|Any CPU
		{EC379052-7B51-425B-83D0-8F6E65F100D1}.Debug|Any CPU.Build.0 = Debug|Any CPU
		{EC379052-7B51-425B-83D0-8F6E65F100D1}.Release|Any CPU.ActiveCfg = Release|Any CPU
		{EC379052-7B51-425B-83D0-8F6E65F100D1}.Release|Any CPU.Build.0 = Release|Any CPU
		{D9D9F123-0D53-4276-A106-B6BEE5087EAA}.Debug|Any CPU.ActiveCfg = Debug|Any CPU
		{D9D9F123-0D53-4276-A106-B6BEE5087EAA}.Debug|Any CPU.Build.0 = Debug|Any CPU
		{D9D9F123-0D53-4276-A106-B6BEE5087EAA}.Release|Any CPU.ActiveCfg = Release|Any CPU
		{D9D9F123-0D53-4276-A106-B6BEE5087EAA}.Release|Any CPU.Build.0 = Release|Any CPU
	EndGlobalSection
	GlobalSection(SolutionProperties) = preSolution
		HideSolutionNode = FALSE
	EndGlobalSection
	GlobalSection(ExtensibilityGlobals) = postSolution
		SolutionGuid = {4FC7149D-C174-47E2-A3F3-C84AF58141EC}
	EndGlobalSection
EndGlobal
